
Microsoft Visual Studio Solution File, Format Version 12.00
# Visual Studio Version 17
VisualStudioVersion = 17.14.36408.4
MinimumVisualStudioVersion = 10.0.40219.1
Project("{FAE04EC0-301F-11D3-BF4B-00C04F79EFBC}") = "EcoStationManagerApplication.Common", "EcoStationManagerApplication.Common\EcoStationManagerApplication.Common.csproj", "{803A5A84-5DE1-4538-BC74-0C91233F8C34}"
EndProject
Project("{FAE04EC0-301F-11D3-BF4B-00C04F79EFBC}") = "EcoStationManagerApplication.Core", "EcoStationManagerApplication.Core\EcoStationManagerApplication.Core.csproj", "{5569BA3B-5DCE-428B-AC8D-769DED63C196}"
EndProject
Project("{FAE04EC0-301F-11D3-BF4B-00C04F79EFBC}") = "EcoStationManagerApplication.Models", "EcoStationManagerApplication.Models\EcoStationManagerApplication.Models.csproj", "{E01BEF2E-87D7-4BB7-ACDE-0FFE069B4631}"
EndProject
Project("{FAE04EC0-301F-11D3-BF4B-00C04F79EFBC}") = "EcoStationManagerApplication.DAL", "EcoStationManagerApplication.DAL\EcoStationManagerApplication.DAL.csproj", "{C92F471A-C435-47A1-862C-D9C3C6823AF0}"
EndProject
Project("{FAE04EC0-301F-11D3-BF4B-00C04F79EFBC}") = "EcoStationManagerApplication.UI", "EcoStationManagerApplication.UI\EcoStationManagerApplication.UI.csproj", "{60D76398-B5E6-48B2-B949-3C4A9CA698F5}"
EndProject
Project("{FAE04EC0-301F-11D3-BF4B-00C04F79EFBC}") = "EcoStationManagerApplication.Tests", "EcoStationManagerApplication.Tests\EcoStationManagerApplication.Tests.csproj", "{27EC1057-9F7C-4EC5-ADBE-AD88EBD5152D}"
EndProject
Project("{2150E333-8FDC-42A3-9474-1A3956D46DE8}") = "EcoStationManagerApplication.DbScripts", "EcoStationManagerApplication.DbScripts", "{02EA681E-C7D8-13C7-8484-4AC65E1B71E8}"
	ProjectSection(SolutionItems) = preProject
		EcoStationManager_V0.sql = EcoStationManager_V0.sql
		migration.sql = migration.sql
		EcoStationManager_V1.sql = EcoStationManager_V1.sql
		seed.sql = seed.sql
		temp.sql = temp.sql
	EndProjectSection
EndProject
Project("{FAE04EC0-301F-11D3-BF4B-00C04F79EFBC}") = "Setup", "Setup\Setup.csproj", "{F4FA8454-1D23-413E-87EB-34052F89AB75}"
EndProject
Project("{2150E333-8FDC-42A3-9474-1A3956D46DE8}") = "views", "views", "{79D00C55-5140-4600-B238-95191B0859BC}"
EndProject
Project("{2150E333-8FDC-42A3-9474-1A3956D46DE8}") = "triggers", "triggers", "{2A82D183-FA91-43B1-BA14-36CB4FD8988E}"
EndProject
Project("{2150E333-8FDC-42A3-9474-1A3956D46DE8}") = "functions", "functions", "{3A08E790-FFBD-4F21-9363-233D152196F7}"
EndProject
Project("{2150E333-8FDC-42A3-9474-1A3956D46DE8}") = "procedures", "procedures", "{A15FA086-8D2E-46E7-B0D1-29B0CD2602FB}"
EndProject
Global
	GlobalSection(SolutionConfigurationPlatforms) = preSolution
		Debug|Any CPU = Debug|Any CPU
		Release|Any CPU = Release|Any CPU
	EndGlobalSection
	GlobalSection(ProjectConfigurationPlatforms) = postSolution
		{803A5A84-5DE1-4538-BC74-0C91233F8C34}.Debug|Any CPU.ActiveCfg = Debug|Any CPU
		{803A5A84-5DE1-4538-BC74-0C91233F8C34}.Debug|Any CPU.Build.0 = Debug|Any CPU
		{803A5A84-5DE1-4538-BC74-0C91233F8C34}.Release|Any CPU.ActiveCfg = Release|Any CPU
		{803A5A84-5DE1-4538-BC74-0C91233F8C34}.Release|Any CPU.Build.0 = Release|Any CPU
		{5569BA3B-5DCE-428B-AC8D-769DED63C196}.Debug|Any CPU.ActiveCfg = Debug|Any CPU
		{5569BA3B-5DCE-428B-AC8D-769DED63C196}.Debug|Any CPU.Build.0 = Debug|Any CPU
		{5569BA3B-5DCE-428B-AC8D-769DED63C196}.Release|Any CPU.ActiveCfg = Release|Any CPU
		{5569BA3B-5DCE-428B-AC8D-769DED63C196}.Release|Any CPU.Build.0 = Release|Any CPU
		{E01BEF2E-87D7-4BB7-ACDE-0FFE069B4631}.Debug|Any CPU.ActiveCfg = Debug|Any CPU
		{E01BEF2E-87D7-4BB7-ACDE-0FFE069B4631}.Debug|Any CPU.Build.0 = Debug|Any CPU
		{E01BEF2E-87D7-4BB7-ACDE-0FFE069B4631}.Release|Any CPU.ActiveCfg = Release|Any CPU
		{E01BEF2E-87D7-4BB7-ACDE-0FFE069B4631}.Release|Any CPU.Build.0 = Release|Any CPU
		{C92F471A-C435-47A1-862C-D9C3C6823AF0}.Debug|Any CPU.ActiveCfg = Debug|Any CPU
		{C92F471A-C435-47A1-862C-D9C3C6823AF0}.Debug|Any CPU.Build.0 = Debug|Any CPU
		{C92F471A-C435-47A1-862C-D9C3C6823AF0}.Release|Any CPU.ActiveCfg = Release|Any CPU
		{C92F471A-C435-47A1-862C-D9C3C6823AF0}.Release|Any CPU.Build.0 = Release|Any CPU
		{60D76398-B5E6-48B2-B949-3C4A9CA698F5}.Debug|Any CPU.ActiveCfg = Debug|Any CPU
		{60D76398-B5E6-48B2-B949-3C4A9CA698F5}.Debug|Any CPU.Build.0 = Debug|Any CPU
		{60D76398-B5E6-48B2-B949-3C4A9CA698F5}.Release|Any CPU.ActiveCfg = Release|Any CPU
		{60D76398-B5E6-48B2-B949-3C4A9CA698F5}.Release|Any CPU.Build.0 = Release|Any CPU
		{27EC1057-9F7C-4EC5-ADBE-AD88EBD5152D}.Debug|Any CPU.ActiveCfg = Debug|Any CPU
		{27EC1057-9F7C-4EC5-ADBE-AD88EBD5152D}.Debug|Any CPU.Build.0 = Debug|Any CPU
		{27EC1057-9F7C-4EC5-ADBE-AD88EBD5152D}.Release|Any CPU.ActiveCfg = Release|Any CPU
		{27EC1057-9F7C-4EC5-ADBE-AD88EBD5152D}.Release|Any CPU.Build.0 = Release|Any CPU
		{F4FA8454-1D23-413E-87EB-34052F89AB75}.Debug|Any CPU.ActiveCfg = Debug|Any CPU
		{F4FA8454-1D23-413E-87EB-34052F89AB75}.Debug|Any CPU.Build.0 = Debug|Any CPU
		{F4FA8454-1D23-413E-87EB-34052F89AB75}.Release|Any CPU.ActiveCfg = Release|Any CPU
		{F4FA8454-1D23-413E-87EB-34052F89AB75}.Release|Any CPU.Build.0 = Release|Any CPU
	EndGlobalSection
	GlobalSection(SolutionProperties) = preSolution
		HideSolutionNode = FALSE
	EndGlobalSection
	GlobalSection(NestedProjects) = preSolution
		{79D00C55-5140-4600-B238-95191B0859BC} = {02EA681E-C7D8-13C7-8484-4AC65E1B71E8}
		{2A82D183-FA91-43B1-BA14-36CB4FD8988E} = {02EA681E-C7D8-13C7-8484-4AC65E1B71E8}
		{3A08E790-FFBD-4F21-9363-233D152196F7} = {02EA681E-C7D8-13C7-8484-4AC65E1B71E8}
		{A15FA086-8D2E-46E7-B0D1-29B0CD2602FB} = {02EA681E-C7D8-13C7-8484-4AC65E1B71E8}
	EndGlobalSection
	GlobalSection(ExtensibilityGlobals) = postSolution
		SolutionGuid = {C655748E-9EF5-4543-BCC0-FA5A023853F4}
	EndGlobalSection
EndGlobal
